
Microsoft Visual Studio Solution File, Format Version 12.00
# Visual Studio Version 16
VisualStudioVersion = 16.0.30717.126
MinimumVisualStudioVersion = 10.0.40219.1
Project("{FAE04EC0-301F-11D3-BF4B-00C04F79EFBC}") = "Lab11-A", "Lab11-A.csproj", "{A54C6A9A-38A5-4917-8441-ADF8DB2D6FC8}"
EndProject
Global
	GlobalSection(SolutionConfigurationPlatforms) = preSolution
		Debug|Any CPU = Debug|Any CPU
		Release|Any CPU = Release|Any CPU
	EndGlobalSection
	GlobalSection(ProjectConfigurationPlatforms) = postSolution
		{A54C6A9A-38A5-4917-8441-ADF8DB2D6FC8}.Debug|Any CPU.ActiveCfg = Debug|Any CPU
		{A54C6A9A-38A5-4917-8441-ADF8DB2D6FC8}.Debug|Any CPU.Build.0 = Debug|Any CPU
		{A54C6A9A-38A5-4917-8441-ADF8DB2D6FC8}.Release|Any CPU.ActiveCfg = Release|Any CPU
		{A54C6A9A-38A5-4917-8441-ADF8DB2D6FC8}.Release|Any CPU.Build.0 = Release|Any CPU
	EndGlobalSection
	GlobalSection(SolutionProperties) = preSolution
		HideSolutionNode = FALSE
	EndGlobalSection
	GlobalSection(ExtensibilityGlobals) = postSolution
		SolutionGuid = {0658DD39-49CF-4C79-8139-9FFB945A6A31}
	EndGlobalSection
EndGlobal
