
Microsoft Visual Studio Solution File, Format Version 12.00
# Visual Studio Version 16
VisualStudioVersion = 16.0.30717.126
MinimumVisualStudioVersion = 10.0.40219.1
Project("{FAE04EC0-301F-11D3-BF4B-00C04F79EFBC}") = "Datos", "Datos\Datos.csproj", "{ADA3853A-808F-4579-A467-ACE10D000C96}"
EndProject
Project("{FAE04EC0-301F-11D3-BF4B-00C04F79EFBC}") = "Negocio", "Negocio\Negocio.csproj", "{6C01B5A4-DABE-4E30-A4FA-FFC857E13370}"
EndProject
Project("{FAE04EC0-301F-11D3-BF4B-00C04F79EFBC}") = "Presentacion", "Presentacion\Presentacion.csproj", "{767CD4F7-99AF-4ACF-B7A1-84BEDDC69D1C}"
EndProject
Global
	GlobalSection(SolutionConfigurationPlatforms) = preSolution
		Debug|Any CPU = Debug|Any CPU
		Release|Any CPU = Release|Any CPU
	EndGlobalSection
	GlobalSection(ProjectConfigurationPlatforms) = postSolution
		{ADA3853A-808F-4579-A467-ACE10D000C96}.Debug|Any CPU.ActiveCfg = Debug|Any CPU
		{ADA3853A-808F-4579-A467-ACE10D000C96}.Debug|Any CPU.Build.0 = Debug|Any CPU
		{ADA3853A-808F-4579-A467-ACE10D000C96}.Release|Any CPU.ActiveCfg = Release|Any CPU
		{ADA3853A-808F-4579-A467-ACE10D000C96}.Release|Any CPU.Build.0 = Release|Any CPU
		{6C01B5A4-DABE-4E30-A4FA-FFC857E13370}.Debug|Any CPU.ActiveCfg = Debug|Any CPU
		{6C01B5A4-DABE-4E30-A4FA-FFC857E13370}.Debug|Any CPU.Build.0 = Debug|Any CPU
		{6C01B5A4-DABE-4E30-A4FA-FFC857E13370}.Release|Any CPU.ActiveCfg = Release|Any CPU
		{6C01B5A4-DABE-4E30-A4FA-FFC857E13370}.Release|Any CPU.Build.0 = Release|Any CPU
		{767CD4F7-99AF-4ACF-B7A1-84BEDDC69D1C}.Debug|Any CPU.ActiveCfg = Debug|Any CPU
		{767CD4F7-99AF-4ACF-B7A1-84BEDDC69D1C}.Debug|Any CPU.Build.0 = Debug|Any CPU
		{767CD4F7-99AF-4ACF-B7A1-84BEDDC69D1C}.Release|Any CPU.ActiveCfg = Release|Any CPU
		{767CD4F7-99AF-4ACF-B7A1-84BEDDC69D1C}.Release|Any CPU.Build.0 = Release|Any CPU
	EndGlobalSection
	GlobalSection(SolutionProperties) = preSolution
		HideSolutionNode = FALSE
	EndGlobalSection
	GlobalSection(ExtensibilityGlobals) = postSolution
		SolutionGuid = {3515B44A-5EC8-4BC8-AE25-1C4238B7A6BE}
	EndGlobalSection
EndGlobal
